{
  "version": 4,
  "terraform_version": "1.11.1",
  "serial": 27,
  "lineage": "5fa33f11-b299-8b0b-93d2-3dc0d2a8c597",
  "outputs": {
    "ip_address": {
      "value": "172.27.99.113",
      "type": "string"
    }
  },
  "resources": [
    {
      "mode": "data",
      "type": "nutanix_cluster",
      "name": "cluster",
      "provider": "provider[\"registry.terraform.io/nutanix/nutanix\"]",
      "instances": [
        {
          "schema_version": 0,
          "attributes": {
            "analysis_vm_efficiency_map": {},
            "api_version": "",
            "authorized_public_key_list": [],
            "build": {
              "build_type": "release",
              "commit_date": "2024-08-10T00:57:51Z",
              "commit_id": "9f4501a112774a1cc0f8ba60e638d57e33ff3803",
              "full_version": "el7.3-release-fraser-6.5.6.6-stable-9f4501a112774a1cc0f8ba60e638d57e33ff3803",
              "short_commit_id": "9f4501",
              "version": "6.5.6.6"
            },
            "ca_certificate_list": [],
            "categories": [],
            "certification_signing_info": {},
            "client_auth": {},
            "cluster_arch": "X86_64",
            "cluster_id": "0005ebde-b2cb-c0be-305b-ac1f6b3b4534",
            "domain_server_credentials": {},
            "domain_server_name": "",
            "domain_server_nameserver": "",
            "enabled_feature_list": [
              "PASSWORD_REMOTE_LOGIN_ENABLED",
              "SHADOW_CLONES_ENABLED"
            ],
            "encryption_status": "NOT_SUPPORTED",
            "external_data_services_ip": "172.27.99.218",
            "external_ip": "172.27.99.240",
            "external_subnet": "172.27.99.0/255.255.255.0",
            "gpu_driver_version": "",
            "http_proxy_list": [],
            "http_proxy_whitelist": [],
            "id": "0005ebde-b2cb-c0be-305b-ac1f6b3b4534",
            "internal_subnet": "192.168.5.0/255.255.255.128",
            "is_available": true,
            "management_server_list": [],
            "masquerading_ip": "",
            "masquerading_port": 0,
            "metadata": {
              "creation_time": "2022-10-26 12:57:03 +0000 UTC",
              "last_update_time": "2022-10-26 12:57:03 +0000 UTC",
              "name": "",
              "spec_hash": "",
              "spec_version": "4",
              "uuid": "0005ebde-b2cb-c0be-305b-ac1f6b3b4534"
            },
            "name": "Nutanix-LAB",
            "name_server_ip_list": [
              "172.27.91.11",
              "172.27.91.10"
            ],
            "nfs_subnet_whitelist": [
              "172.27.99.219/255.255.255.255"
            ],
            "nodes": [
              {
                "ip": "172.27.99.243",
                "type": "AHV",
                "version": "el7.nutanix.20220304.511"
              },
              {
                "ip": "127.0.0.1",
                "type": "AHV",
                "version": ""
              },
              {
                "ip": "172.27.99.242",
                "type": "AHV",
                "version": "el7.nutanix.20220304.511"
              },
              {
                "ip": "172.27.99.241",
                "type": "AHV",
                "version": "el7.nutanix.20220304.511"
              }
            ],
            "ntp_server_ip_list": [
              "172.27.91.11",
              "172.27.91.10"
            ],
            "operation_mode": "NORMAL",
            "owner_reference": {},
            "project_reference": {},
            "service_list": [
              "AOS"
            ],
            "smtp_server_address": {
              "fqdn": "smtp.gre.loc",
              "ip": "",
              "ipv6": "",
              "port": "25"
            },
            "smtp_server_credentials": {},
            "smtp_server_email_address": "CSEG-NTX-CLUSTER-LAB@gre.loc",
            "smtp_server_proxy_type_list": [],
            "smtp_server_type": "PLAIN",
            "software_map_ncc": {},
            "software_map_nos": {
              "software_type": "NOS",
              "status": "INSTALLED",
              "version": "6.5.6.6"
            },
            "ssl_key_expire_datetime": "2034-11-12T09:22:13Z",
            "ssl_key_name": "",
            "ssl_key_signing_info": {
              "city": "San Jose",
              "common_name": "*.nutanix.local\n",
              "common_name_suffix": "",
              "country_code": "US",
              "email_address": "",
              "organization": "Nutanix Inc.",
              "state": "CA"
            },
            "ssl_key_type": "RSA_2048",
            "state": "COMPLETE",
            "supported_information_verbosity": "BASIC_PLUS_CORE_DUMP",
            "timezone": "Europe/Paris"
          },
          "sensitive_attributes": []
        }
      ]
    },
    {
      "mode": "data",
      "type": "nutanix_subnet",
      "name": "subnet",
      "provider": "provider[\"registry.terraform.io/nutanix/nutanix\"]",
      "instances": [
        {
          "schema_version": 0,
          "attributes": {
            "additional_filter": null,
            "api_version": "",
            "availability_zone_reference": {},
            "categories": [],
            "cluster_name": "Nutanix-LAB",
            "cluster_uuid": "0005ebde-b2cb-c0be-305b-ac1f6b3b4534",
            "default_gateway_ip": "172.27.99.1",
            "description": "",
            "dhcp_domain_name_server_list": [],
            "dhcp_domain_search_list": [],
            "dhcp_options": {},
            "dhcp_server_address": {
              "fqdn": "",
              "ip": "172.27.99.253",
              "ipv6": ""
            },
            "dhcp_server_address_port": 0,
            "enable_nat": false,
            "id": "1ee12504-0beb-40cf-a3b6-9b6b6aed3339",
            "ip_config_pool_list_ranges": [],
            "is_external": false,
            "message_list": null,
            "metadata": {
              "creation_time": "2024-11-08 12:40:12 +0000 UTC",
              "last_update_time": "2024-11-08 12:40:12 +0000 UTC",
              "name": "",
              "spec_hash": "",
              "spec_version": "2",
              "uuid": "1ee12504-0beb-40cf-a3b6-9b6b6aed3339"
            },
            "name": "VLAN 99 - LAB",
            "network_function_chain_reference": {},
            "owner_reference": {},
            "prefix_length": 24,
            "project_reference": {},
            "state": "COMPLETE",
            "subnet_id": null,
            "subnet_ip": "172.27.99.0",
            "subnet_name": "VLAN 99 - LAB",
            "subnet_type": "VLAN",
            "vlan_id": 0,
            "vpc_reference": {},
            "vswitch_name": "br0"
          },
          "sensitive_attributes": []
        }
      ]
    },
    {
      "mode": "managed",
      "type": "nutanix_image",
      "name": "nutanix_image_ubuntu",
      "provider": "provider[\"registry.terraform.io/nutanix/nutanix\"]",
      "instances": [
        {
          "schema_version": 1,
          "attributes": {
            "api_version": "3.1",
            "architecture": null,
            "availability_zone_reference": {},
            "categories": [],
            "checksum": {},
            "cluster_name": null,
            "cluster_references": [],
            "cluster_uuid": null,
            "current_cluster_reference_list": [],
            "description": "Ubuntu_Image_For_Nutanix",
            "id": "3583a2c8-c673-4e97-8c39-bfdb61f5c287",
            "image_type": "ISO_IMAGE",
            "metadata": {
              "creation_time": "2025-04-09 10:41:35 +0000 UTC",
              "last_update_time": "2025-04-09 10:41:55 +0000 UTC",
              "name": "",
              "spec_hash": "",
              "spec_version": "1",
              "uuid": "3583a2c8-c673-4e97-8c39-bfdb61f5c287"
            },
            "name": "ubuntu_image_mdt",
            "owner_reference": {
              "kind": "user",
              "name": "adm_mduchet@icsopfrspie.com",
              "uuid": "e6850ea7-3f81-50b5-9be6-a701fc808f0b"
            },
            "project_reference": null,
            "retrieval_uri_list": [
              "https://127.0.0.1:9440/api/nutanix/v3/images/3583a2c8-c673-4e97-8c39-bfdb61f5c287/file"
            ],
            "size_bytes": 67108864,
            "source_path": null,
            "source_uri": "http://archive.ubuntu.com/ubuntu/dists/bionic/main/installer-amd64/current/images/netboot/mini.iso",
            "state": "COMPLETE",
            "timeouts": null,
            "version": {}
          },
          "sensitive_attributes": [],
          "private": "eyJlMmJmYjczMC1lY2FhLTExZTYtOGY4OC0zNDM2M2JjN2M0YzAiOnsiY3JlYXRlIjozNjAwMDAwMDAwMDAwLCJkZWxldGUiOjM2MDAwMDAwMDAwMDAsInVwZGF0ZSI6MzYwMDAwMDAwMDAwMH0sInNjaGVtYV92ZXJzaW9uIjoiMSJ9"
        }
      ]
    },
    {
      "mode": "managed",
      "type": "nutanix_virtual_machine",
      "name": "vm",
      "provider": "provider[\"registry.terraform.io/nutanix/nutanix\"]",
      "instances": [
        {
          "schema_version": 1,
          "attributes": {
            "api_version": "3.1",
            "availability_zone_reference": {},
            "boot_device_disk_address": {},
            "boot_device_mac_address": "",
            "boot_device_order_list": [],
            "boot_type": "",
            "categories": [],
            "cloud_init_cdrom_uuid": "",
            "cluster_name": "Nutanix-LAB",
            "cluster_uuid": "0005ebde-b2cb-c0be-305b-ac1f6b3b4534",
            "description": "",
            "disk_list": [
              {
                "data_source_reference": {
                  "kind": "image",
                  "uuid": "3583a2c8-c673-4e97-8c39-bfdb61f5c287"
                },
                "device_properties": [
                  {
                    "device_type": "CDROM",
                    "disk_address": {
                      "adapter_type": "IDE",
                      "device_index": "0"
                    }
                  }
                ],
                "disk_size_bytes": 67108864,
                "disk_size_mib": 64,
                "storage_config": [
                  {
                    "flash_mode": "",
                    "storage_container_reference": [
                      {
                        "kind": "storage_container",
                        "name": "SelfServiceContainer",
                        "url": "",
                        "uuid": "682c24a9-a460-4cf8-b956-992c2b11637b"
                      }
                    ]
                  }
                ],
                "uuid": "4adb1ffa-b044-402b-9ff0-4306261295bd",
                "volume_group_reference": {}
              },
              {
                "data_source_reference": {},
                "device_properties": [
                  {
                    "device_type": "DISK",
                    "disk_address": {
                      "adapter_type": "SCSI",
                      "device_index": "1"
                    }
                  }
                ],
                "disk_size_bytes": 10737418240,
                "disk_size_mib": 10240,
                "storage_config": [
                  {
                    "flash_mode": "",
                    "storage_container_reference": [
                      {
                        "kind": "storage_container",
                        "name": "SelfServiceContainer",
                        "url": "",
                        "uuid": "682c24a9-a460-4cf8-b956-992c2b11637b"
                      }
                    ]
                  }
                ],
                "uuid": "0fa86034-fb8e-4a05-940c-7f8cc4f241f2",
                "volume_group_reference": {}
              }
            ],
            "enable_cpu_passthrough": false,
            "enable_script_exec": false,
            "gpu_list": [],
            "guest_customization_cloud_init_custom_key_values": {},
            "guest_customization_cloud_init_meta_data": "",
            "guest_customization_cloud_init_user_data": "",
            "guest_customization_is_overridable": false,
            "guest_customization_sysprep": {},
            "guest_customization_sysprep_custom_key_values": {},
            "guest_os_id": "",
            "hardware_clock_timezone": "UTC",
            "host_reference": {
              "kind": "host",
              "name": "172.27.99.241",
              "uuid": "c6b350ce-7109-48c8-9d4b-7b811fa659b9"
            },
            "hypervisor_type": null,
            "id": "6c0e02a0-7872-45b4-b1b1-6566a839ffbb",
            "is_vcpu_hard_pinned": false,
            "machine_type": "PC",
            "memory_size_mib": 4096,
            "metadata": {
              "creation_time": "2025-04-09 12:09:15 +0000 UTC",
              "last_update_time": "2025-04-09 12:09:22 +0000 UTC",
              "name": "",
              "spec_hash": "",
              "spec_version": "1",
              "uuid": "6c0e02a0-7872-45b4-b1b1-6566a839ffbb"
            },
            "name": "MDT-2025-04-09",
            "ngt_credentials": {},
            "ngt_enabled_capability_list": [],
            "nic_list": [
              {
                "ip_endpoint_list": [
                  {
                    "ip": "172.27.99.113",
                    "type": "ASSIGNED"
                  }
                ],
                "is_connected": "true",
                "mac_address": "50:6b:8d:92:14:d0",
                "model": "",
                "network_function_chain_reference": {},
                "network_function_nic_type": "",
                "nic_type": "NORMAL_NIC",
                "num_queues": 1,
                "subnet_name": "VLAN 99 - LAB",
                "subnet_uuid": "1ee12504-0beb-40cf-a3b6-9b6b6aed3339",
                "uuid": "b7fad52b-cda9-40c4-be7a-5f87df114349"
              }
            ],
            "nic_list_status": [
              {
                "floating_ip": "",
                "ip_endpoint_list": [
                  {
                    "ip": "172.27.99.113",
                    "type": "ASSIGNED"
                  }
                ],
                "is_connected": "true",
                "mac_address": "50:6b:8d:92:14:d0",
                "model": "",
                "network_function_chain_reference": {},
                "network_function_nic_type": "",
                "nic_type": "NORMAL_NIC",
                "num_queues": 1,
                "subnet_name": "VLAN 99 - LAB",
                "subnet_uuid": "1ee12504-0beb-40cf-a3b6-9b6b6aed3339",
                "uuid": "b7fad52b-cda9-40c4-be7a-5f87df114349"
              }
            ],
            "num_sockets": 1,
            "num_vcpus_per_socket": 2,
            "num_vnuma_nodes": 0,
            "nutanix_guest_tools": {},
            "owner_reference": {
              "kind": "user",
              "name": "adm_mduchet@icsopfrspie.com",
              "uuid": "e6850ea7-3f81-50b5-9be6-a701fc808f0b"
            },
            "parent_reference": {},
            "power_state": "ON",
            "power_state_mechanism": "HARD",
            "project_reference": {},
            "serial_port_list": [],
            "should_fail_on_script_failure": false,
            "state": "COMPLETE",
            "timeouts": null,
            "use_hot_add": true,
            "vga_console_enabled": true
          },
          "sensitive_attributes": [],
          "private": "eyJlMmJmYjczMC1lY2FhLTExZTYtOGY4OC0zNDM2M2JjN2M0YzAiOnsiY3JlYXRlIjozNjAwMDAwMDAwMDAwLCJkZWxldGUiOjM2MDAwMDAwMDAwMDAsInVwZGF0ZSI6MzYwMDAwMDAwMDAwMH0sInNjaGVtYV92ZXJzaW9uIjoiMSJ9",
          "dependencies": [
            "data.nutanix_cluster.cluster",
            "nutanix_image.nutanix_image_ubuntu"
          ]
        }
      ]
    }
  ],
  "check_results": null
}
